
Microsoft Visual Studio Solution File, Format Version 12.00
# Visual Studio 15
VisualStudioVersion = 15.0.27428.2027
MinimumVisualStudioVersion = 10.0.40219.1
Project("{FAE04EC0-301F-11D3-BF4B-00C04F79EFBC}") = "LastOdds_Server", "LastOdds_Server\LastOdds_Server.csproj", "{CE75118F-D1F6-4734-8BA4-EF0CE3414142}"
EndProject
Global
	GlobalSection(SolutionConfigurationPlatforms) = preSolution
		Debug|Any CPU = Debug|Any CPU
		Release|Any CPU = Release|Any CPU
	EndGlobalSection
	GlobalSection(ProjectConfigurationPlatforms) = postSolution
		{CE75118F-D1F6-4734-8BA4-EF0CE3414142}.Debug|Any CPU.ActiveCfg = Debug|Any CPU
		{CE75118F-D1F6-4734-8BA4-EF0CE3414142}.Debug|Any CPU.Build.0 = Debug|Any CPU
		{CE75118F-D1F6-4734-8BA4-EF0CE3414142}.Release|Any CPU.ActiveCfg = Release|Any CPU
		{CE75118F-D1F6-4734-8BA4-EF0CE3414142}.Release|Any CPU.Build.0 = Release|Any CPU
	EndGlobalSection
	GlobalSection(SolutionProperties) = preSolution
		HideSolutionNode = FALSE
	EndGlobalSection
	GlobalSection(ExtensibilityGlobals) = postSolution
		SolutionGuid = {5791310C-F536-445A-B493-08C86B908FBE}
	EndGlobalSection
EndGlobal
